
Microsoft Visual Studio Solution File, Format Version 12.00
# Visual Studio Version 16
VisualStudioVersion = 16.0.30907.101
MinimumVisualStudioVersion = 10.0.40219.1
Project("{888888A0-9F3D-457C-B088-3A5042F75D52}") = "Falsa Posição", "Falsa Posição.pyproj", "{22FC148C-E792-427A-8BA8-CB5E76DD36E8}"
EndProject
Global
	GlobalSection(SolutionConfigurationPlatforms) = preSolution
		Debug|Any CPU = Debug|Any CPU
		Release|Any CPU = Release|Any CPU
	EndGlobalSection
	GlobalSection(ProjectConfigurationPlatforms) = postSolution
		{22FC148C-E792-427A-8BA8-CB5E76DD36E8}.Debug|Any CPU.ActiveCfg = Debug|Any CPU
		{22FC148C-E792-427A-8BA8-CB5E76DD36E8}.Release|Any CPU.ActiveCfg = Release|Any CPU
	EndGlobalSection
	GlobalSection(SolutionProperties) = preSolution
		HideSolutionNode = FALSE
	EndGlobalSection
	GlobalSection(ExtensibilityGlobals) = postSolution
		SolutionGuid = {0E6DB9E3-6218-42F5-981D-E0B7ADC6BC4E}
	EndGlobalSection
EndGlobal
