
Microsoft Visual Studio Solution File, Format Version 12.00
# Visual Studio Version 16
VisualStudioVersion = 16.0.31410.357
MinimumVisualStudioVersion = 10.0.40219.1
Project("{888888A0-9F3D-457C-B088-3A5042F75D52}") = "Runge", "Runge.pyproj", "{CFD94E58-44E6-4763-AFDC-C74E97C0D14B}"
EndProject
Global
	GlobalSection(SolutionConfigurationPlatforms) = preSolution
		Debug|Any CPU = Debug|Any CPU
		Release|Any CPU = Release|Any CPU
	EndGlobalSection
	GlobalSection(ProjectConfigurationPlatforms) = postSolution
		{CFD94E58-44E6-4763-AFDC-C74E97C0D14B}.Debug|Any CPU.ActiveCfg = Debug|Any CPU
		{CFD94E58-44E6-4763-AFDC-C74E97C0D14B}.Release|Any CPU.ActiveCfg = Release|Any CPU
	EndGlobalSection
	GlobalSection(SolutionProperties) = preSolution
		HideSolutionNode = FALSE
	EndGlobalSection
	GlobalSection(ExtensibilityGlobals) = postSolution
		SolutionGuid = {7BDE5A67-53C9-4C9E-B463-5552C8693D1B}
	EndGlobalSection
EndGlobal
