
Microsoft Visual Studio Solution File, Format Version 12.00
# Visual Studio Version 16
VisualStudioVersion = 16.0.30907.101
MinimumVisualStudioVersion = 10.0.40219.1
Project("{888888A0-9F3D-457C-B088-3A5042F75D52}") = "Numerico Ex  2", "Numerico Ex  2\Numerico Ex  2.pyproj", "{2455774A-AA44-4E6A-B9A8-3004F0DF6446}"
EndProject
Global
	GlobalSection(SolutionConfigurationPlatforms) = preSolution
		Debug|Any CPU = Debug|Any CPU
		Release|Any CPU = Release|Any CPU
	EndGlobalSection
	GlobalSection(ProjectConfigurationPlatforms) = postSolution
		{2455774A-AA44-4E6A-B9A8-3004F0DF6446}.Debug|Any CPU.ActiveCfg = Debug|Any CPU
		{2455774A-AA44-4E6A-B9A8-3004F0DF6446}.Release|Any CPU.ActiveCfg = Release|Any CPU
	EndGlobalSection
	GlobalSection(SolutionProperties) = preSolution
		HideSolutionNode = FALSE
	EndGlobalSection
	GlobalSection(ExtensibilityGlobals) = postSolution
		SolutionGuid = {CE6D40E4-F512-423E-AFB9-5E5AF817C2A3}
	EndGlobalSection
EndGlobal
