
Microsoft Visual Studio Solution File, Format Version 12.00
# Visual Studio Version 16
VisualStudioVersion = 16.0.31005.135
MinimumVisualStudioVersion = 10.0.40219.1
Project("{888888A0-9F3D-457C-B088-3A5042F75D52}") = "SecModif", "SecModif.pyproj", "{E90856AE-26C7-48A9-8528-FC4B70861FA0}"
EndProject
Global
	GlobalSection(SolutionConfigurationPlatforms) = preSolution
		Debug|Any CPU = Debug|Any CPU
		Release|Any CPU = Release|Any CPU
	EndGlobalSection
	GlobalSection(ProjectConfigurationPlatforms) = postSolution
		{E90856AE-26C7-48A9-8528-FC4B70861FA0}.Debug|Any CPU.ActiveCfg = Debug|Any CPU
		{E90856AE-26C7-48A9-8528-FC4B70861FA0}.Release|Any CPU.ActiveCfg = Release|Any CPU
	EndGlobalSection
	GlobalSection(SolutionProperties) = preSolution
		HideSolutionNode = FALSE
	EndGlobalSection
	GlobalSection(ExtensibilityGlobals) = postSolution
		SolutionGuid = {D60FC820-0141-4F69-BDE1-463554AF7BB0}
	EndGlobalSection
EndGlobal
