
Microsoft Visual Studio Solution File, Format Version 12.00
# Visual Studio Version 16
VisualStudioVersion = 16.0.31605.320
MinimumVisualStudioVersion = 10.0.40219.1
Project("{888888A0-9F3D-457C-B088-3A5042F75D52}") = "Ex7", "Ex7.pyproj", "{80C6137A-B2E0-41D9-9599-34384BC05231}"
EndProject
Global
	GlobalSection(SolutionConfigurationPlatforms) = preSolution
		Debug|Any CPU = Debug|Any CPU
		Release|Any CPU = Release|Any CPU
	EndGlobalSection
	GlobalSection(ProjectConfigurationPlatforms) = postSolution
		{80C6137A-B2E0-41D9-9599-34384BC05231}.Debug|Any CPU.ActiveCfg = Debug|Any CPU
		{80C6137A-B2E0-41D9-9599-34384BC05231}.Release|Any CPU.ActiveCfg = Release|Any CPU
	EndGlobalSection
	GlobalSection(SolutionProperties) = preSolution
		HideSolutionNode = FALSE
	EndGlobalSection
	GlobalSection(ExtensibilityGlobals) = postSolution
		SolutionGuid = {F36E9643-14AE-4136-B26C-ED0E4F2E7E59}
	EndGlobalSection
EndGlobal
