
Microsoft Visual Studio Solution File, Format Version 12.00
# Visual Studio Version 16
VisualStudioVersion = 16.0.31410.357
MinimumVisualStudioVersion = 10.0.40219.1
Project("{888888A0-9F3D-457C-B088-3A5042F75D52}") = "Trapezoidal", "Trapezoidal.pyproj", "{8FD1E339-9ED1-4594-A6C7-085760AC25BD}"
EndProject
Global
	GlobalSection(SolutionConfigurationPlatforms) = preSolution
		Debug|Any CPU = Debug|Any CPU
		Release|Any CPU = Release|Any CPU
	EndGlobalSection
	GlobalSection(ProjectConfigurationPlatforms) = postSolution
		{8FD1E339-9ED1-4594-A6C7-085760AC25BD}.Debug|Any CPU.ActiveCfg = Debug|Any CPU
		{8FD1E339-9ED1-4594-A6C7-085760AC25BD}.Release|Any CPU.ActiveCfg = Release|Any CPU
	EndGlobalSection
	GlobalSection(SolutionProperties) = preSolution
		HideSolutionNode = FALSE
	EndGlobalSection
	GlobalSection(ExtensibilityGlobals) = postSolution
		SolutionGuid = {F7062335-7AC0-4EC3-A514-CB94D92380A2}
	EndGlobalSection
EndGlobal
