
Microsoft Visual Studio Solution File, Format Version 12.00
# Visual Studio Version 16
VisualStudioVersion = 16.0.30907.101
MinimumVisualStudioVersion = 10.0.40219.1
Project("{888888A0-9F3D-457C-B088-3A5042F75D52}") = "Método da Bisecção", "Método da Bisecção\Método da Bisecção.pyproj", "{D3758D5F-CD7D-486F-95A4-2BC292204933}"
EndProject
Global
	GlobalSection(SolutionConfigurationPlatforms) = preSolution
		Debug|Any CPU = Debug|Any CPU
		Release|Any CPU = Release|Any CPU
	EndGlobalSection
	GlobalSection(ProjectConfigurationPlatforms) = postSolution
		{D3758D5F-CD7D-486F-95A4-2BC292204933}.Debug|Any CPU.ActiveCfg = Debug|Any CPU
		{D3758D5F-CD7D-486F-95A4-2BC292204933}.Release|Any CPU.ActiveCfg = Release|Any CPU
	EndGlobalSection
	GlobalSection(SolutionProperties) = preSolution
		HideSolutionNode = FALSE
	EndGlobalSection
	GlobalSection(ExtensibilityGlobals) = postSolution
		SolutionGuid = {6102680A-2CA1-47D3-A6E8-358F031C20FE}
	EndGlobalSection
EndGlobal
