
Microsoft Visual Studio Solution File, Format Version 12.00
# Visual Studio Version 16
VisualStudioVersion = 16.0.31005.135
MinimumVisualStudioVersion = 10.0.40219.1
Project("{888888A0-9F3D-457C-B088-3A5042F75D52}") = "Criação de Matrizes", "Criação de Matrizes.pyproj", "{D1FFFC3E-EB73-4D9C-8E12-6938D24E77C7}"
EndProject
Global
	GlobalSection(SolutionConfigurationPlatforms) = preSolution
		Debug|Any CPU = Debug|Any CPU
		Release|Any CPU = Release|Any CPU
	EndGlobalSection
	GlobalSection(ProjectConfigurationPlatforms) = postSolution
		{D1FFFC3E-EB73-4D9C-8E12-6938D24E77C7}.Debug|Any CPU.ActiveCfg = Debug|Any CPU
		{D1FFFC3E-EB73-4D9C-8E12-6938D24E77C7}.Release|Any CPU.ActiveCfg = Release|Any CPU
	EndGlobalSection
	GlobalSection(SolutionProperties) = preSolution
		HideSolutionNode = FALSE
	EndGlobalSection
	GlobalSection(ExtensibilityGlobals) = postSolution
		SolutionGuid = {ED2A2682-E2B0-42F8-8E32-0174B553D899}
	EndGlobalSection
EndGlobal
