
Microsoft Visual Studio Solution File, Format Version 12.00
# Visual Studio Version 16
VisualStudioVersion = 16.0.31005.135
MinimumVisualStudioVersion = 10.0.40219.1
Project("{888888A0-9F3D-457C-B088-3A5042F75D52}") = "Ex2Matrizes", "Ex2Matrizes.pyproj", "{A743FD86-973A-4E1C-A893-2AAA8B44364B}"
EndProject
Global
	GlobalSection(SolutionConfigurationPlatforms) = preSolution
		Debug|Any CPU = Debug|Any CPU
		Release|Any CPU = Release|Any CPU
	EndGlobalSection
	GlobalSection(ProjectConfigurationPlatforms) = postSolution
		{A743FD86-973A-4E1C-A893-2AAA8B44364B}.Debug|Any CPU.ActiveCfg = Debug|Any CPU
		{A743FD86-973A-4E1C-A893-2AAA8B44364B}.Release|Any CPU.ActiveCfg = Release|Any CPU
	EndGlobalSection
	GlobalSection(SolutionProperties) = preSolution
		HideSolutionNode = FALSE
	EndGlobalSection
	GlobalSection(ExtensibilityGlobals) = postSolution
		SolutionGuid = {7C171B64-AC37-4736-B3B3-C8887B702E08}
	EndGlobalSection
EndGlobal
