
Microsoft Visual Studio Solution File, Format Version 12.00
# Visual Studio Version 16
VisualStudioVersion = 16.0.31624.102
MinimumVisualStudioVersion = 10.0.40219.1
Project("{888888A0-9F3D-457C-B088-3A5042F75D52}") = "SimulaçãoCircuito", "SimulaçãoCircuito.pyproj", "{8CADA84E-01B1-44CD-A702-17EE218ABC48}"
EndProject
Global
	GlobalSection(SolutionConfigurationPlatforms) = preSolution
		Debug|Any CPU = Debug|Any CPU
		Release|Any CPU = Release|Any CPU
	EndGlobalSection
	GlobalSection(ProjectConfigurationPlatforms) = postSolution
		{8CADA84E-01B1-44CD-A702-17EE218ABC48}.Debug|Any CPU.ActiveCfg = Debug|Any CPU
		{8CADA84E-01B1-44CD-A702-17EE218ABC48}.Release|Any CPU.ActiveCfg = Release|Any CPU
	EndGlobalSection
	GlobalSection(SolutionProperties) = preSolution
		HideSolutionNode = FALSE
	EndGlobalSection
	GlobalSection(ExtensibilityGlobals) = postSolution
		SolutionGuid = {0257111D-06C9-49E5-8173-DF70ED5511AB}
	EndGlobalSection
EndGlobal
