
Microsoft Visual Studio Solution File, Format Version 12.00
# Visual Studio Version 16
VisualStudioVersion = 16.0.31605.320
MinimumVisualStudioVersion = 10.0.40219.1
Project("{888888A0-9F3D-457C-B088-3A5042F75D52}") = "Simpson3", "Simpson3.pyproj", "{D650FF43-2E95-43D9-A2A9-471C4F5848E8}"
EndProject
Global
	GlobalSection(SolutionConfigurationPlatforms) = preSolution
		Debug|Any CPU = Debug|Any CPU
		Release|Any CPU = Release|Any CPU
	EndGlobalSection
	GlobalSection(ProjectConfigurationPlatforms) = postSolution
		{D650FF43-2E95-43D9-A2A9-471C4F5848E8}.Debug|Any CPU.ActiveCfg = Debug|Any CPU
		{D650FF43-2E95-43D9-A2A9-471C4F5848E8}.Release|Any CPU.ActiveCfg = Release|Any CPU
	EndGlobalSection
	GlobalSection(SolutionProperties) = preSolution
		HideSolutionNode = FALSE
	EndGlobalSection
	GlobalSection(ExtensibilityGlobals) = postSolution
		SolutionGuid = {0EE29BB0-1B62-413D-95B2-E5770BF7EE19}
	EndGlobalSection
EndGlobal
