
Microsoft Visual Studio Solution File, Format Version 12.00
# Visual Studio Version 16
VisualStudioVersion = 16.0.31313.79
MinimumVisualStudioVersion = 10.0.40219.1
Project("{888888A0-9F3D-457C-B088-3A5042F75D52}") = "TestLeo", "TestLeo.pyproj", "{F6519353-F102-4A2D-BB42-EC20ECA917F0}"
EndProject
Global
	GlobalSection(SolutionConfigurationPlatforms) = preSolution
		Debug|Any CPU = Debug|Any CPU
		Release|Any CPU = Release|Any CPU
	EndGlobalSection
	GlobalSection(ProjectConfigurationPlatforms) = postSolution
		{F6519353-F102-4A2D-BB42-EC20ECA917F0}.Debug|Any CPU.ActiveCfg = Debug|Any CPU
		{F6519353-F102-4A2D-BB42-EC20ECA917F0}.Release|Any CPU.ActiveCfg = Release|Any CPU
	EndGlobalSection
	GlobalSection(SolutionProperties) = preSolution
		HideSolutionNode = FALSE
	EndGlobalSection
	GlobalSection(ExtensibilityGlobals) = postSolution
		SolutionGuid = {879E2117-43C6-43A8-8DB5-FA810D83FE82}
	EndGlobalSection
EndGlobal
